
Microsoft Visual Studio Solution File, Format Version 12.00
# Visual Studio Version 17
VisualStudioVersion = 17.7.34031.279
MinimumVisualStudioVersion = 10.0.40219.1
Project("{FAE04EC0-301F-11D3-BF4B-00C04F79EFBC}") = "timelinejob", "timelinejob\timelinejob.csproj", "{BCE69803-BBEB-41CA-BCDD-C6774A50A7AE}"
EndProject
Global
	GlobalSection(SolutionConfigurationPlatforms) = preSolution
		Debug|Any CPU = Debug|Any CPU
		Release|Any CPU = Release|Any CPU
	EndGlobalSection
	GlobalSection(ProjectConfigurationPlatforms) = postSolution
		{BCE69803-BBEB-41CA-BCDD-C6774A50A7AE}.Debug|Any CPU.ActiveCfg = Debug|Any CPU
		{BCE69803-BBEB-41CA-BCDD-C6774A50A7AE}.Debug|Any CPU.Build.0 = Debug|Any CPU
		{BCE69803-BBEB-41CA-BCDD-C6774A50A7AE}.Release|Any CPU.ActiveCfg = Release|Any CPU
		{BCE69803-BBEB-41CA-BCDD-C6774A50A7AE}.Release|Any CPU.Build.0 = Release|Any CPU
	EndGlobalSection
	GlobalSection(SolutionProperties) = preSolution
		HideSolutionNode = FALSE
	EndGlobalSection
	GlobalSection(ExtensibilityGlobals) = postSolution
		SolutionGuid = {1FF0B4A9-E2EA-4C39-B0B6-0C936E39C20F}
	EndGlobalSection
EndGlobal
